
Microsoft Visual Studio Solution File, Format Version 12.00
# Visual Studio Version 17
VisualStudioVersion = 17.2.32516.85
MinimumVisualStudioVersion = 10.0.40219.1
Project("{FAE04EC0-301F-11D3-BF4B-00C04F79EFBC}") = "DIYET_PROJE", "DIYET_PROJE\DIYET_PROJE.csproj", "{E915E368-9362-47B6-B24B-A2B540F0F1F0}"
EndProject
Project("{FAE04EC0-301F-11D3-BF4B-00C04F79EFBC}") = "Entities", "Entities\Entities.csproj", "{A45E8404-B063-4DC7-AC09-9FD44C659AE4}"
EndProject
Project("{FAE04EC0-301F-11D3-BF4B-00C04F79EFBC}") = "DataAccess", "DataAccess\DataAccess.csproj", "{377D3D67-513C-4800-BF2F-BBF531B9EC42}"
EndProject
Global
	GlobalSection(SolutionConfigurationPlatforms) = preSolution
		Debug|Any CPU = Debug|Any CPU
		Release|Any CPU = Release|Any CPU
	EndGlobalSection
	GlobalSection(ProjectConfigurationPlatforms) = postSolution
		{E915E368-9362-47B6-B24B-A2B540F0F1F0}.Debug|Any CPU.ActiveCfg = Debug|Any CPU
		{E915E368-9362-47B6-B24B-A2B540F0F1F0}.Debug|Any CPU.Build.0 = Debug|Any CPU
		{E915E368-9362-47B6-B24B-A2B540F0F1F0}.Release|Any CPU.ActiveCfg = Release|Any CPU
		{E915E368-9362-47B6-B24B-A2B540F0F1F0}.Release|Any CPU.Build.0 = Release|Any CPU
		{A45E8404-B063-4DC7-AC09-9FD44C659AE4}.Debug|Any CPU.ActiveCfg = Debug|Any CPU
		{A45E8404-B063-4DC7-AC09-9FD44C659AE4}.Debug|Any CPU.Build.0 = Debug|Any CPU
		{A45E8404-B063-4DC7-AC09-9FD44C659AE4}.Release|Any CPU.ActiveCfg = Release|Any CPU
		{A45E8404-B063-4DC7-AC09-9FD44C659AE4}.Release|Any CPU.Build.0 = Release|Any CPU
		{377D3D67-513C-4800-BF2F-BBF531B9EC42}.Debug|Any CPU.ActiveCfg = Debug|Any CPU
		{377D3D67-513C-4800-BF2F-BBF531B9EC42}.Debug|Any CPU.Build.0 = Debug|Any CPU
		{377D3D67-513C-4800-BF2F-BBF531B9EC42}.Release|Any CPU.ActiveCfg = Release|Any CPU
		{377D3D67-513C-4800-BF2F-BBF531B9EC42}.Release|Any CPU.Build.0 = Release|Any CPU
	EndGlobalSection
	GlobalSection(SolutionProperties) = preSolution
		HideSolutionNode = FALSE
	EndGlobalSection
	GlobalSection(ExtensibilityGlobals) = postSolution
		SolutionGuid = {79FEF894-E027-43F2-9B2F-CF2136A246BA}
	EndGlobalSection
EndGlobal
